// !$*UTF8*$!
{
	archiveVersion = 1;
	classes = {
	};
	objectVersion = 51;
	objects = {

/* Begin PBXBuildFile section */
		40C552AC81F98E318E3F2FEA /* Pods_Surveyer.framework in Frameworks */ = {isa = PBXBuildFile; fileRef = D5A79E38F34F619ABCE4E3EF /* Pods_Surveyer.framework */; };
		6890BDD624911B9300C71A19 /* AppDelegate.swift in Sources */ = {isa = PBXBuildFile; fileRef = 6890BDD524911B9300C71A19 /* AppDelegate.swift */; };
		6890BDDF24911B9600C71A19 /* Assets.xcassets in Resources */ = {isa = PBXBuildFile; fileRef = 6890BDDE24911B9600C71A19 /* Assets.xcassets */; };
		6890BDE224911B9600C71A19 /* LaunchScreen.storyboard in Resources */ = {isa = PBXBuildFile; fileRef = 6890BDE024911B9600C71A19 /* LaunchScreen.storyboard */; };
		6890BDED24911B9600C71A19 /* SurveyerTests.swift in Sources */ = {isa = PBXBuildFile; fileRef = 6890BDEC24911B9600C71A19 /* SurveyerTests.swift */; };
		6890BDF824911B9600C71A19 /* SurveyerUITests.swift in Sources */ = {isa = PBXBuildFile; fileRef = 6890BDF724911B9600C71A19 /* SurveyerUITests.swift */; };
		6890BE0624911F0800C71A19 /* SurveyNavigationViewController.swift in Sources */ = {isa = PBXBuildFile; fileRef = 6890BE0524911F0800C71A19 /* SurveyNavigationViewController.swift */; };
		6890BE0824911F9A00C71A19 /* HomeViewController.swift in Sources */ = {isa = PBXBuildFile; fileRef = 6890BE0724911F9A00C71A19 /* HomeViewController.swift */; };
		6890BE222491244600C71A19 /* Localizable.strings in Resources */ = {isa = PBXBuildFile; fileRef = 6890BE242491244600C71A19 /* Localizable.strings */; };
		6890BE272491255800C71A19 /* BaseViewController.swift in Sources */ = {isa = PBXBuildFile; fileRef = 6890BE262491255800C71A19 /* BaseViewController.swift */; };
		68D916A5249128FE008CA628 /* PageVerticalFlowLayout.swift in Sources */ = {isa = PBXBuildFile; fileRef = 68D916A4249128FE008CA628 /* PageVerticalFlowLayout.swift */; };
		68D916A824912A27008CA628 /* LargeButton.swift in Sources */ = {isa = PBXBuildFile; fileRef = 68D916A724912A27008CA628 /* LargeButton.swift */; };
		68D916AA24912A57008CA628 /* Constant.swift in Sources */ = {isa = PBXBuildFile; fileRef = 68D916A924912A57008CA628 /* Constant.swift */; };
		68D916AC24912AF1008CA628 /* UIExtension.swift in Sources */ = {isa = PBXBuildFile; fileRef = 68D916AB24912AF1008CA628 /* UIExtension.swift */; };
		68D916AD24912E91008CA628 /* NotoSans-Bold.ttf in Resources */ = {isa = PBXBuildFile; fileRef = 6890BE0A249120C300C71A19 /* NotoSans-Bold.ttf */; };
		68D916AE24912E93008CA628 /* NotoSans-Regular.ttf in Resources */ = {isa = PBXBuildFile; fileRef = 6890BE0B249120C300C71A19 /* NotoSans-Regular.ttf */; };
		68D916B024912ED7008CA628 /* HomeViewModel.swift in Sources */ = {isa = PBXBuildFile; fileRef = 68D916AF24912ED7008CA628 /* HomeViewModel.swift */; };
		68D916B324912F15008CA628 /* DynamicValue.swift in Sources */ = {isa = PBXBuildFile; fileRef = 68D916B224912F15008CA628 /* DynamicValue.swift */; };
		68D916B624912F3C008CA628 /* HotelModel.swift in Sources */ = {isa = PBXBuildFile; fileRef = 68D916B524912F3C008CA628 /* HotelModel.swift */; };
		68D916B924913220008CA628 /* PostService.swift in Sources */ = {isa = PBXBuildFile; fileRef = 68D916B824913220008CA628 /* PostService.swift */; };
		68D916BB24913386008CA628 /* NetworkError.swift in Sources */ = {isa = PBXBuildFile; fileRef = 68D916BA24913386008CA628 /* NetworkError.swift */; };
		68D916BD249134CD008CA628 /* PageUtility.swift in Sources */ = {isa = PBXBuildFile; fileRef = 68D916BC249134CD008CA628 /* PageUtility.swift */; };
		68D916BF249137F2008CA628 /* HomeSurveyCollectionViewCell.swift in Sources */ = {isa = PBXBuildFile; fileRef = 68D916BE249137F2008CA628 /* HomeSurveyCollectionViewCell.swift */; };
		95D97982AAB505BC31D091F4 /* Pods_Surveyer_SurveyerUITests.framework in Frameworks */ = {isa = PBXBuildFile; fileRef = 52E29B13BA5926FA7B326F61 /* Pods_Surveyer_SurveyerUITests.framework */; };
		A9CA5A3F2EB44F6244660262 /* Pods_SurveyerTests.framework in Frameworks */ = {isa = PBXBuildFile; fileRef = 323018BF5FFA46162FE5FDAA /* Pods_SurveyerTests.framework */; };
/* End PBXBuildFile section */

/* Begin PBXContainerItemProxy section */
		6890BDE924911B9600C71A19 /* PBXContainerItemProxy */ = {
			isa = PBXContainerItemProxy;
			containerPortal = 6890BDCA24911B9300C71A19 /* Project object */;
			proxyType = 1;
			remoteGlobalIDString = 6890BDD124911B9300C71A19;
			remoteInfo = Surveyer;
		};
		6890BDF424911B9600C71A19 /* PBXContainerItemProxy */ = {
			isa = PBXContainerItemProxy;
			containerPortal = 6890BDCA24911B9300C71A19 /* Project object */;
			proxyType = 1;
			remoteGlobalIDString = 6890BDD124911B9300C71A19;
			remoteInfo = Surveyer;
		};
/* End PBXContainerItemProxy section */

/* Begin PBXFileReference section */
		2F9A05B99C7669489F221641 /* Pods-SurveyerTests.debug.xcconfig */ = {isa = PBXFileReference; includeInIndex = 1; lastKnownFileType = text.xcconfig; name = "Pods-SurveyerTests.debug.xcconfig"; path = "Target Support Files/Pods-SurveyerTests/Pods-SurveyerTests.debug.xcconfig"; sourceTree = "<group>"; };
		323018BF5FFA46162FE5FDAA /* Pods_SurveyerTests.framework */ = {isa = PBXFileReference; explicitFileType = wrapper.framework; includeInIndex = 0; path = Pods_SurveyerTests.framework; sourceTree = BUILT_PRODUCTS_DIR; };
		52E29B13BA5926FA7B326F61 /* Pods_Surveyer_SurveyerUITests.framework */ = {isa = PBXFileReference; explicitFileType = wrapper.framework; includeInIndex = 0; path = Pods_Surveyer_SurveyerUITests.framework; sourceTree = BUILT_PRODUCTS_DIR; };
		6890BDD224911B9300C71A19 /* Surveyer.app */ = {isa = PBXFileReference; explicitFileType = wrapper.application; includeInIndex = 0; path = Surveyer.app; sourceTree = BUILT_PRODUCTS_DIR; };
		6890BDD524911B9300C71A19 /* AppDelegate.swift */ = {isa = PBXFileReference; lastKnownFileType = sourcecode.swift; path = AppDelegate.swift; sourceTree = "<group>"; };
		6890BDDE24911B9600C71A19 /* Assets.xcassets */ = {isa = PBXFileReference; lastKnownFileType = folder.assetcatalog; path = Assets.xcassets; sourceTree = "<group>"; };
		6890BDE124911B9600C71A19 /* Base */ = {isa = PBXFileReference; lastKnownFileType = file.storyboard; name = Base; path = Base.lproj/LaunchScreen.storyboard; sourceTree = "<group>"; };
		6890BDE324911B9600C71A19 /* Info.plist */ = {isa = PBXFileReference; lastKnownFileType = text.plist.xml; path = Info.plist; sourceTree = "<group>"; };
		6890BDE824911B9600C71A19 /* SurveyerTests.xctest */ = {isa = PBXFileReference; explicitFileType = wrapper.cfbundle; includeInIndex = 0; path = SurveyerTests.xctest; sourceTree = BUILT_PRODUCTS_DIR; };
		6890BDEC24911B9600C71A19 /* SurveyerTests.swift */ = {isa = PBXFileReference; lastKnownFileType = sourcecode.swift; path = SurveyerTests.swift; sourceTree = "<group>"; };
		6890BDEE24911B9600C71A19 /* Info.plist */ = {isa = PBXFileReference; lastKnownFileType = text.plist.xml; path = Info.plist; sourceTree = "<group>"; };
		6890BDF324911B9600C71A19 /* SurveyerUITests.xctest */ = {isa = PBXFileReference; explicitFileType = wrapper.cfbundle; includeInIndex = 0; path = SurveyerUITests.xctest; sourceTree = BUILT_PRODUCTS_DIR; };
		6890BDF724911B9600C71A19 /* SurveyerUITests.swift */ = {isa = PBXFileReference; lastKnownFileType = sourcecode.swift; path = SurveyerUITests.swift; sourceTree = "<group>"; };
		6890BDF924911B9600C71A19 /* Info.plist */ = {isa = PBXFileReference; lastKnownFileType = text.plist.xml; path = Info.plist; sourceTree = "<group>"; };
		6890BE0524911F0800C71A19 /* SurveyNavigationViewController.swift */ = {isa = PBXFileReference; lastKnownFileType = sourcecode.swift; path = SurveyNavigationViewController.swift; sourceTree = "<group>"; };
		6890BE0724911F9A00C71A19 /* HomeViewController.swift */ = {isa = PBXFileReference; lastKnownFileType = sourcecode.swift; path = HomeViewController.swift; sourceTree = "<group>"; };
		6890BE0A249120C300C71A19 /* NotoSans-Bold.ttf */ = {isa = PBXFileReference; lastKnownFileType = file; path = "NotoSans-Bold.ttf"; sourceTree = "<group>"; };
		6890BE0B249120C300C71A19 /* NotoSans-Regular.ttf */ = {isa = PBXFileReference; lastKnownFileType = file; path = "NotoSans-Regular.ttf"; sourceTree = "<group>"; };
		6890BE232491244600C71A19 /* en */ = {isa = PBXFileReference; lastKnownFileType = text.plist.strings; name = en; path = en.lproj/Localizable.strings; sourceTree = "<group>"; };
		6890BE252491244700C71A19 /* th */ = {isa = PBXFileReference; lastKnownFileType = text.plist.strings; name = th; path = th.lproj/Localizable.strings; sourceTree = "<group>"; };
		6890BE262491255800C71A19 /* BaseViewController.swift */ = {isa = PBXFileReference; lastKnownFileType = sourcecode.swift; path = BaseViewController.swift; sourceTree = "<group>"; };
		68D916A4249128FE008CA628 /* PageVerticalFlowLayout.swift */ = {isa = PBXFileReference; lastKnownFileType = sourcecode.swift; path = PageVerticalFlowLayout.swift; sourceTree = "<group>"; };
		68D916A724912A27008CA628 /* LargeButton.swift */ = {isa = PBXFileReference; lastKnownFileType = sourcecode.swift; path = LargeButton.swift; sourceTree = "<group>"; };
		68D916A924912A57008CA628 /* Constant.swift */ = {isa = PBXFileReference; lastKnownFileType = sourcecode.swift; path = Constant.swift; sourceTree = "<group>"; };
		68D916AB24912AF1008CA628 /* UIExtension.swift */ = {isa = PBXFileReference; lastKnownFileType = sourcecode.swift; path = UIExtension.swift; sourceTree = "<group>"; };
		68D916AF24912ED7008CA628 /* HomeViewModel.swift */ = {isa = PBXFileReference; lastKnownFileType = sourcecode.swift; path = HomeViewModel.swift; sourceTree = "<group>"; };
		68D916B224912F15008CA628 /* DynamicValue.swift */ = {isa = PBXFileReference; lastKnownFileType = sourcecode.swift; path = DynamicValue.swift; sourceTree = "<group>"; };
		68D916B524912F3C008CA628 /* HotelModel.swift */ = {isa = PBXFileReference; lastKnownFileType = sourcecode.swift; path = HotelModel.swift; sourceTree = "<group>"; };
		68D916B824913220008CA628 /* PostService.swift */ = {isa = PBXFileReference; lastKnownFileType = sourcecode.swift; path = PostService.swift; sourceTree = "<group>"; };
		68D916BA24913386008CA628 /* NetworkError.swift */ = {isa = PBXFileReference; lastKnownFileType = sourcecode.swift; path = NetworkError.swift; sourceTree = "<group>"; };
		68D916BC249134CD008CA628 /* PageUtility.swift */ = {isa = PBXFileReference; lastKnownFileType = sourcecode.swift; path = PageUtility.swift; sourceTree = "<group>"; };
		68D916BE249137F2008CA628 /* HomeSurveyCollectionViewCell.swift */ = {isa = PBXFileReference; lastKnownFileType = sourcecode.swift; path = HomeSurveyCollectionViewCell.swift; sourceTree = "<group>"; };
		6C2D5685EE6EA7A9C60999F5 /* Pods-Surveyer.release.xcconfig */ = {isa = PBXFileReference; includeInIndex = 1; lastKnownFileType = text.xcconfig; name = "Pods-Surveyer.release.xcconfig"; path = "Target Support Files/Pods-Surveyer/Pods-Surveyer.release.xcconfig"; sourceTree = "<group>"; };
		83855C512386F04063866D73 /* Pods-Surveyer.debug.xcconfig */ = {isa = PBXFileReference; includeInIndex = 1; lastKnownFileType = text.xcconfig; name = "Pods-Surveyer.debug.xcconfig"; path = "Target Support Files/Pods-Surveyer/Pods-Surveyer.debug.xcconfig"; sourceTree = "<group>"; };
		B894FC06E5E0ADA64FACA091 /* Pods-Surveyer-SurveyerUITests.release.xcconfig */ = {isa = PBXFileReference; includeInIndex = 1; lastKnownFileType = text.xcconfig; name = "Pods-Surveyer-SurveyerUITests.release.xcconfig"; path = "Target Support Files/Pods-Surveyer-SurveyerUITests/Pods-Surveyer-SurveyerUITests.release.xcconfig"; sourceTree = "<group>"; };
		D5A79E38F34F619ABCE4E3EF /* Pods_Surveyer.framework */ = {isa = PBXFileReference; explicitFileType = wrapper.framework; includeInIndex = 0; path = Pods_Surveyer.framework; sourceTree = BUILT_PRODUCTS_DIR; };
		EE8296F4C99B8A4B7D94C3C7 /* Pods-Surveyer-SurveyerUITests.debug.xcconfig */ = {isa = PBXFileReference; includeInIndex = 1; lastKnownFileType = text.xcconfig; name = "Pods-Surveyer-SurveyerUITests.debug.xcconfig"; path = "Target Support Files/Pods-Surveyer-SurveyerUITests/Pods-Surveyer-SurveyerUITests.debug.xcconfig"; sourceTree = "<group>"; };
		F23CF7F2DAAA529C3306EE3C /* Pods-SurveyerTests.release.xcconfig */ = {isa = PBXFileReference; includeInIndex = 1; lastKnownFileType = text.xcconfig; name = "Pods-SurveyerTests.release.xcconfig"; path = "Target Support Files/Pods-SurveyerTests/Pods-SurveyerTests.release.xcconfig"; sourceTree = "<group>"; };
/* End PBXFileReference section */

/* Begin PBXFrameworksBuildPhase section */
		6890BDCF24911B9300C71A19 /* Frameworks */ = {
			isa = PBXFrameworksBuildPhase;
			buildActionMask = 2147483647;
			files = (
				40C552AC81F98E318E3F2FEA /* Pods_Surveyer.framework in Frameworks */,
			);
			runOnlyForDeploymentPostprocessing = 0;
		};
		6890BDE524911B9600C71A19 /* Frameworks */ = {
			isa = PBXFrameworksBuildPhase;
			buildActionMask = 2147483647;
			files = (
				A9CA5A3F2EB44F6244660262 /* Pods_SurveyerTests.framework in Frameworks */,
			);
			runOnlyForDeploymentPostprocessing = 0;
		};
		6890BDF024911B9600C71A19 /* Frameworks */ = {
			isa = PBXFrameworksBuildPhase;
			buildActionMask = 2147483647;
			files = (
				95D97982AAB505BC31D091F4 /* Pods_Surveyer_SurveyerUITests.framework in Frameworks */,
			);
			runOnlyForDeploymentPostprocessing = 0;
		};
/* End PBXFrameworksBuildPhase section */

/* Begin PBXGroup section */
		4A0A3A789DFB6BB391CF5454 /* Frameworks */ = {
			isa = PBXGroup;
			children = (
				D5A79E38F34F619ABCE4E3EF /* Pods_Surveyer.framework */,
				52E29B13BA5926FA7B326F61 /* Pods_Surveyer_SurveyerUITests.framework */,
				323018BF5FFA46162FE5FDAA /* Pods_SurveyerTests.framework */,
			);
			name = Frameworks;
			sourceTree = "<group>";
		};
		6890BDC924911B9300C71A19 = {
			isa = PBXGroup;
			children = (
				6890BDD424911B9300C71A19 /* Surveyer */,
				6890BDEB24911B9600C71A19 /* SurveyerTests */,
				6890BDF624911B9600C71A19 /* SurveyerUITests */,
				6890BDD324911B9300C71A19 /* Products */,
				B6E88256C87A11FFE5DE8072 /* Pods */,
				4A0A3A789DFB6BB391CF5454 /* Frameworks */,
			);
			sourceTree = "<group>";
		};
		6890BDD324911B9300C71A19 /* Products */ = {
			isa = PBXGroup;
			children = (
				6890BDD224911B9300C71A19 /* Surveyer.app */,
				6890BDE824911B9600C71A19 /* SurveyerTests.xctest */,
				6890BDF324911B9600C71A19 /* SurveyerUITests.xctest */,
			);
			name = Products;
			sourceTree = "<group>";
		};
		6890BDD424911B9300C71A19 /* Surveyer */ = {
			isa = PBXGroup;
			children = (
				6890BDD524911B9300C71A19 /* AppDelegate.swift */,
				6890BE282491255F00C71A19 /* ShareViewController */,
				68D916A32491288F008CA628 /* HomeViewController */,
				6890BDE024911B9600C71A19 /* LaunchScreen.storyboard */,
				6890BDE324911B9600C71A19 /* Info.plist */,
				68D916B424912F2B008CA628 /* Model */,
				68D916B124912F02008CA628 /* Utility */,
				68D916A624912A13008CA628 /* Shared */,
				6890BE092491209700C71A19 /* Resources */,
			);
			path = Surveyer;
			sourceTree = "<group>";
		};
		6890BDEB24911B9600C71A19 /* SurveyerTests */ = {
			isa = PBXGroup;
			children = (
				6890BDEC24911B9600C71A19 /* SurveyerTests.swift */,
				6890BDEE24911B9600C71A19 /* Info.plist */,
			);
			path = SurveyerTests;
			sourceTree = "<group>";
		};
		6890BDF624911B9600C71A19 /* SurveyerUITests */ = {
			isa = PBXGroup;
			children = (
				6890BDF724911B9600C71A19 /* SurveyerUITests.swift */,
				6890BDF924911B9600C71A19 /* Info.plist */,
			);
			path = SurveyerUITests;
			sourceTree = "<group>";
		};
		6890BE092491209700C71A19 /* Resources */ = {
			isa = PBXGroup;
			children = (
				6890BE1F2491242700C71A19 /* Localization */,
				6890BDDE24911B9600C71A19 /* Assets.xcassets */,
				6890BE0D249120CC00C71A19 /* Font */,
				68D916A924912A57008CA628 /* Constant.swift */,
				68D916AB24912AF1008CA628 /* UIExtension.swift */,
				68D916B7249131A6008CA628 /* Network */,
			);
			path = Resources;
			sourceTree = "<group>";
		};
		6890BE0C249120C700C71A19 /* Noto */ = {
			isa = PBXGroup;
			children = (
				6890BE0A249120C300C71A19 /* NotoSans-Bold.ttf */,
				6890BE0B249120C300C71A19 /* NotoSans-Regular.ttf */,
			);
			path = Noto;
			sourceTree = "<group>";
		};
		6890BE0D249120CC00C71A19 /* Font */ = {
			isa = PBXGroup;
			children = (
				6890BE0C249120C700C71A19 /* Noto */,
			);
			path = Font;
			sourceTree = "<group>";
		};
		6890BE1F2491242700C71A19 /* Localization */ = {
			isa = PBXGroup;
			children = (
				6890BE242491244600C71A19 /* Localizable.strings */,
			);
			path = Localization;
			sourceTree = "<group>";
		};
		6890BE282491255F00C71A19 /* ShareViewController */ = {
			isa = PBXGroup;
			children = (
				6890BE262491255800C71A19 /* BaseViewController.swift */,
				6890BE0524911F0800C71A19 /* SurveyNavigationViewController.swift */,
			);
			path = ShareViewController;
			sourceTree = "<group>";
		};
		68D916A32491288F008CA628 /* HomeViewController */ = {
			isa = PBXGroup;
			children = (
				6890BE0724911F9A00C71A19 /* HomeViewController.swift */,
				68D916AF24912ED7008CA628 /* HomeViewModel.swift */,
				68D916BE249137F2008CA628 /* HomeSurveyCollectionViewCell.swift */,
			);
			path = HomeViewController;
			sourceTree = "<group>";
		};
		68D916A624912A13008CA628 /* Shared */ = {
			isa = PBXGroup;
			children = (
				68D916A4249128FE008CA628 /* PageVerticalFlowLayout.swift */,
				68D916A724912A27008CA628 /* LargeButton.swift */,
				68D916BC249134CD008CA628 /* PageUtility.swift */,
			);
			path = Shared;
			sourceTree = "<group>";
		};
		68D916B124912F02008CA628 /* Utility */ = {
			isa = PBXGroup;
			children = (
				68D916B224912F15008CA628 /* DynamicValue.swift */,
			);
			path = Utility;
			sourceTree = "<group>";
		};
		68D916B424912F2B008CA628 /* Model */ = {
			isa = PBXGroup;
			children = (
				68D916B524912F3C008CA628 /* HotelModel.swift */,
			);
			path = Model;
			sourceTree = "<group>";
		};
		68D916B7249131A6008CA628 /* Network */ = {
			isa = PBXGroup;
			children = (
				68D916B824913220008CA628 /* PostService.swift */,
				68D916BA24913386008CA628 /* NetworkError.swift */,
			);
			path = Network;
			sourceTree = "<group>";
		};
		B6E88256C87A11FFE5DE8072 /* Pods */ = {
			isa = PBXGroup;
			children = (
				83855C512386F04063866D73 /* Pods-Surveyer.debug.xcconfig */,
				6C2D5685EE6EA7A9C60999F5 /* Pods-Surveyer.release.xcconfig */,
				EE8296F4C99B8A4B7D94C3C7 /* Pods-Surveyer-SurveyerUITests.debug.xcconfig */,
				B894FC06E5E0ADA64FACA091 /* Pods-Surveyer-SurveyerUITests.release.xcconfig */,
				2F9A05B99C7669489F221641 /* Pods-SurveyerTests.debug.xcconfig */,
				F23CF7F2DAAA529C3306EE3C /* Pods-SurveyerTests.release.xcconfig */,
			);
			path = Pods;
			sourceTree = "<group>";
		};
/* End PBXGroup section */

/* Begin PBXNativeTarget section */
		6890BDD124911B9300C71A19 /* Surveyer */ = {
			isa = PBXNativeTarget;
			buildConfigurationList = 6890BDFC24911B9600C71A19 /* Build configuration list for PBXNativeTarget "Surveyer" */;
			buildPhases = (
				869A81144477BFF3700858DE /* [CP] Check Pods Manifest.lock */,
				6890BDCE24911B9300C71A19 /* Sources */,
				6890BDCF24911B9300C71A19 /* Frameworks */,
				6890BDD024911B9300C71A19 /* Resources */,
				254C475029BCC2925B275D89 /* [CP] Embed Pods Frameworks */,
			);
			buildRules = (
			);
			dependencies = (
			);
			name = Surveyer;
			productName = Surveyer;
			productReference = 6890BDD224911B9300C71A19 /* Surveyer.app */;
			productType = "com.apple.product-type.application";
		};
		6890BDE724911B9600C71A19 /* SurveyerTests */ = {
			isa = PBXNativeTarget;
			buildConfigurationList = 6890BDFF24911B9600C71A19 /* Build configuration list for PBXNativeTarget "SurveyerTests" */;
			buildPhases = (
				6EB3783F72CDA36AE841E3C9 /* [CP] Check Pods Manifest.lock */,
				6890BDE424911B9600C71A19 /* Sources */,
				6890BDE524911B9600C71A19 /* Frameworks */,
				6890BDE624911B9600C71A19 /* Resources */,
			);
			buildRules = (
			);
			dependencies = (
				6890BDEA24911B9600C71A19 /* PBXTargetDependency */,
			);
			name = SurveyerTests;
			productName = SurveyerTests;
			productReference = 6890BDE824911B9600C71A19 /* SurveyerTests.xctest */;
			productType = "com.apple.product-type.bundle.unit-test";
		};
		6890BDF224911B9600C71A19 /* SurveyerUITests */ = {
			isa = PBXNativeTarget;
			buildConfigurationList = 6890BE0224911B9600C71A19 /* Build configuration list for PBXNativeTarget "SurveyerUITests" */;
			buildPhases = (
				4067C2D1097EA75E96FD9729 /* [CP] Check Pods Manifest.lock */,
				6890BDEF24911B9600C71A19 /* Sources */,
				6890BDF024911B9600C71A19 /* Frameworks */,
				6890BDF124911B9600C71A19 /* Resources */,
				467C1ECA2CAAB027A040B46B /* [CP] Embed Pods Frameworks */,
			);
			buildRules = (
			);
			dependencies = (
				6890BDF524911B9600C71A19 /* PBXTargetDependency */,
			);
			name = SurveyerUITests;
			productName = SurveyerUITests;
			productReference = 6890BDF324911B9600C71A19 /* SurveyerUITests.xctest */;
			productType = "com.apple.product-type.bundle.ui-testing";
		};
/* End PBXNativeTarget section */

/* Begin PBXProject section */
		6890BDCA24911B9300C71A19 /* Project object */ = {
			isa = PBXProject;
			attributes = {
				LastSwiftUpdateCheck = 1140;
				LastUpgradeCheck = 1140;
				ORGANIZATIONNAME = blyscuit;
				TargetAttributes = {
					6890BDD124911B9300C71A19 = {
						CreatedOnToolsVersion = 11.4;
					};
					6890BDE724911B9600C71A19 = {
						CreatedOnToolsVersion = 11.4;
						TestTargetID = 6890BDD124911B9300C71A19;
					};
					6890BDF224911B9600C71A19 = {
						CreatedOnToolsVersion = 11.4;
						TestTargetID = 6890BDD124911B9300C71A19;
					};
				};
			};
			buildConfigurationList = 6890BDCD24911B9300C71A19 /* Build configuration list for PBXProject "Surveyer" */;
			compatibilityVersion = "Xcode 9.3";
			developmentRegion = en;
			hasScannedForEncodings = 0;
			knownRegions = (
				en,
				Base,
				th,
			);
			mainGroup = 6890BDC924911B9300C71A19;
			productRefGroup = 6890BDD324911B9300C71A19 /* Products */;
			projectDirPath = "";
			projectRoot = "";
			targets = (
				6890BDD124911B9300C71A19 /* Surveyer */,
				6890BDE724911B9600C71A19 /* SurveyerTests */,
				6890BDF224911B9600C71A19 /* SurveyerUITests */,
			);
		};
/* End PBXProject section */

/* Begin PBXResourcesBuildPhase section */
		6890BDD024911B9300C71A19 /* Resources */ = {
			isa = PBXResourcesBuildPhase;
			buildActionMask = 2147483647;
			files = (
				68D916AD24912E91008CA628 /* NotoSans-Bold.ttf in Resources */,
				6890BDE224911B9600C71A19 /* LaunchScreen.storyboard in Resources */,
				68D916AE24912E93008CA628 /* NotoSans-Regular.ttf in Resources */,
				6890BE222491244600C71A19 /* Localizable.strings in Resources */,
				6890BDDF24911B9600C71A19 /* Assets.xcassets in Resources */,
			);
			runOnlyForDeploymentPostprocessing = 0;
		};
		6890BDE624911B9600C71A19 /* Resources */ = {
			isa = PBXResourcesBuildPhase;
			buildActionMask = 2147483647;
			files = (
			);
			runOnlyForDeploymentPostprocessing = 0;
		};
		6890BDF124911B9600C71A19 /* Resources */ = {
			isa = PBXResourcesBuildPhase;
			buildActionMask = 2147483647;
			files = (
			);
			runOnlyForDeploymentPostprocessing = 0;
		};
/* End PBXResourcesBuildPhase section */

/* Begin PBXShellScriptBuildPhase section */
		254C475029BCC2925B275D89 /* [CP] Embed Pods Frameworks */ = {
			isa = PBXShellScriptBuildPhase;
			buildActionMask = 2147483647;
			files = (
			);
			inputFileListPaths = (
				"${PODS_ROOT}/Target Support Files/Pods-Surveyer/Pods-Surveyer-frameworks-${CONFIGURATION}-input-files.xcfilelist",
			);
			name = "[CP] Embed Pods Frameworks";
			outputFileListPaths = (
				"${PODS_ROOT}/Target Support Files/Pods-Surveyer/Pods-Surveyer-frameworks-${CONFIGURATION}-output-files.xcfilelist",
			);
			runOnlyForDeploymentPostprocessing = 0;
			shellPath = /bin/sh;
			shellScript = "\"${PODS_ROOT}/Target Support Files/Pods-Surveyer/Pods-Surveyer-frameworks.sh\"\n";
			showEnvVarsInLog = 0;
		};
		4067C2D1097EA75E96FD9729 /* [CP] Check Pods Manifest.lock */ = {
			isa = PBXShellScriptBuildPhase;
			buildActionMask = 2147483647;
			files = (
			);
			inputFileListPaths = (
			);
			inputPaths = (
				"${PODS_PODFILE_DIR_PATH}/Podfile.lock",
				"${PODS_ROOT}/Manifest.lock",
			);
			name = "[CP] Check Pods Manifest.lock";
			outputFileListPaths = (
			);
			outputPaths = (
				"$(DERIVED_FILE_DIR)/Pods-Surveyer-SurveyerUITests-checkManifestLockResult.txt",
			);
			runOnlyForDeploymentPostprocessing = 0;
			shellPath = /bin/sh;
			shellScript = "diff \"${PODS_PODFILE_DIR_PATH}/Podfile.lock\" \"${PODS_ROOT}/Manifest.lock\" > /dev/null\nif [ $? != 0 ] ; then\n    # print error to STDERR\n    echo \"error: The sandbox is not in sync with the Podfile.lock. Run 'pod install' or update your CocoaPods installation.\" >&2\n    exit 1\nfi\n# This output is used by Xcode 'outputs' to avoid re-running this script phase.\necho \"SUCCESS\" > \"${SCRIPT_OUTPUT_FILE_0}\"\n";
			showEnvVarsInLog = 0;
		};
		467C1ECA2CAAB027A040B46B /* [CP] Embed Pods Frameworks */ = {
			isa = PBXShellScriptBuildPhase;
			buildActionMask = 2147483647;
			files = (
			);
			inputFileListPaths = (
				"${PODS_ROOT}/Target Support Files/Pods-Surveyer-SurveyerUITests/Pods-Surveyer-SurveyerUITests-frameworks-${CONFIGURATION}-input-files.xcfilelist",
			);
			name = "[CP] Embed Pods Frameworks";
			outputFileListPaths = (
				"${PODS_ROOT}/Target Support Files/Pods-Surveyer-SurveyerUITests/Pods-Surveyer-SurveyerUITests-frameworks-${CONFIGURATION}-output-files.xcfilelist",
			);
			runOnlyForDeploymentPostprocessing = 0;
			shellPath = /bin/sh;
			shellScript = "\"${PODS_ROOT}/Target Support Files/Pods-Surveyer-SurveyerUITests/Pods-Surveyer-SurveyerUITests-frameworks.sh\"\n";
			showEnvVarsInLog = 0;
		};
		6EB3783F72CDA36AE841E3C9 /* [CP] Check Pods Manifest.lock */ = {
			isa = PBXShellScriptBuildPhase;
			buildActionMask = 2147483647;
			files = (
			);
			inputFileListPaths = (
			);
			inputPaths = (
				"${PODS_PODFILE_DIR_PATH}/Podfile.lock",
				"${PODS_ROOT}/Manifest.lock",
			);
			name = "[CP] Check Pods Manifest.lock";
			outputFileListPaths = (
			);
			outputPaths = (
				"$(DERIVED_FILE_DIR)/Pods-SurveyerTests-checkManifestLockResult.txt",
			);
			runOnlyForDeploymentPostprocessing = 0;
			shellPath = /bin/sh;
			shellScript = "diff \"${PODS_PODFILE_DIR_PATH}/Podfile.lock\" \"${PODS_ROOT}/Manifest.lock\" > /dev/null\nif [ $? != 0 ] ; then\n    # print error to STDERR\n    echo \"error: The sandbox is not in sync with the Podfile.lock. Run 'pod install' or update your CocoaPods installation.\" >&2\n    exit 1\nfi\n# This output is used by Xcode 'outputs' to avoid re-running this script phase.\necho \"SUCCESS\" > \"${SCRIPT_OUTPUT_FILE_0}\"\n";
			showEnvVarsInLog = 0;
		};
		869A81144477BFF3700858DE /* [CP] Check Pods Manifest.lock */ = {
			isa = PBXShellScriptBuildPhase;
			buildActionMask = 2147483647;
			files = (
			);
			inputFileListPaths = (
			);
			inputPaths = (
				"${PODS_PODFILE_DIR_PATH}/Podfile.lock",
				"${PODS_ROOT}/Manifest.lock",
			);
			name = "[CP] Check Pods Manifest.lock";
			outputFileListPaths = (
			);
			outputPaths = (
				"$(DERIVED_FILE_DIR)/Pods-Surveyer-checkManifestLockResult.txt",
			);
			runOnlyForDeploymentPostprocessing = 0;
			shellPath = /bin/sh;
			shellScript = "diff \"${PODS_PODFILE_DIR_PATH}/Podfile.lock\" \"${PODS_ROOT}/Manifest.lock\" > /dev/null\nif [ $? != 0 ] ; then\n    # print error to STDERR\n    echo \"error: The sandbox is not in sync with the Podfile.lock. Run 'pod install' or update your CocoaPods installation.\" >&2\n    exit 1\nfi\n# This output is used by Xcode 'outputs' to avoid re-running this script phase.\necho \"SUCCESS\" > \"${SCRIPT_OUTPUT_FILE_0}\"\n";
			showEnvVarsInLog = 0;
		};
/* End PBXShellScriptBuildPhase section */

/* Begin PBXSourcesBuildPhase section */
		6890BDCE24911B9300C71A19 /* Sources */ = {
			isa = PBXSourcesBuildPhase;
			buildActionMask = 2147483647;
			files = (
				68D916AA24912A57008CA628 /* Constant.swift in Sources */,
				68D916BB24913386008CA628 /* NetworkError.swift in Sources */,
				68D916B624912F3C008CA628 /* HotelModel.swift in Sources */,
				68D916B024912ED7008CA628 /* HomeViewModel.swift in Sources */,
				6890BE0624911F0800C71A19 /* SurveyNavigationViewController.swift in Sources */,
				6890BE272491255800C71A19 /* BaseViewController.swift in Sources */,
				6890BDD624911B9300C71A19 /* AppDelegate.swift in Sources */,
				68D916A5249128FE008CA628 /* PageVerticalFlowLayout.swift in Sources */,
				68D916B924913220008CA628 /* PostService.swift in Sources */,
				6890BE0824911F9A00C71A19 /* HomeViewController.swift in Sources */,
				68D916B324912F15008CA628 /* DynamicValue.swift in Sources */,
				68D916A824912A27008CA628 /* LargeButton.swift in Sources */,
				68D916BF249137F2008CA628 /* HomeSurveyCollectionViewCell.swift in Sources */,
				68D916AC24912AF1008CA628 /* UIExtension.swift in Sources */,
				68D916BD249134CD008CA628 /* PageUtility.swift in Sources */,
			);
			runOnlyForDeploymentPostprocessing = 0;
		};
		6890BDE424911B9600C71A19 /* Sources */ = {
			isa = PBXSourcesBuildPhase;
			buildActionMask = 2147483647;
			files = (
				6890BDED24911B9600C71A19 /* SurveyerTests.swift in Sources */,
			);
			runOnlyForDeploymentPostprocessing = 0;
		};
		6890BDEF24911B9600C71A19 /* Sources */ = {
			isa = PBXSourcesBuildPhase;
			buildActionMask = 2147483647;
			files = (
				6890BDF824911B9600C71A19 /* SurveyerUITests.swift in Sources */,
			);
			runOnlyForDeploymentPostprocessing = 0;
		};
/* End PBXSourcesBuildPhase section */

/* Begin PBXTargetDependency section */
		6890BDEA24911B9600C71A19 /* PBXTargetDependency */ = {
			isa = PBXTargetDependency;
			target = 6890BDD124911B9300C71A19 /* Surveyer */;
			targetProxy = 6890BDE924911B9600C71A19 /* PBXContainerItemProxy */;
		};
		6890BDF524911B9600C71A19 /* PBXTargetDependency */ = {
			isa = PBXTargetDependency;
			target = 6890BDD124911B9300C71A19 /* Surveyer */;
			targetProxy = 6890BDF424911B9600C71A19 /* PBXContainerItemProxy */;
		};
/* End PBXTargetDependency section */

/* Begin PBXVariantGroup section */
		6890BDE024911B9600C71A19 /* LaunchScreen.storyboard */ = {
			isa = PBXVariantGroup;
			children = (
				6890BDE124911B9600C71A19 /* Base */,
			);
			name = LaunchScreen.storyboard;
			sourceTree = "<group>";
		};
		6890BE242491244600C71A19 /* Localizable.strings */ = {
			isa = PBXVariantGroup;
			children = (
				6890BE232491244600C71A19 /* en */,
				6890BE252491244700C71A19 /* th */,
			);
			name = Localizable.strings;
			sourceTree = "<group>";
		};
/* End PBXVariantGroup section */

/* Begin XCBuildConfiguration section */
		6890BDFA24911B9600C71A19 /* Debug */ = {
			isa = XCBuildConfiguration;
			buildSettings = {
				ALWAYS_SEARCH_USER_PATHS = NO;
				CLANG_ANALYZER_LOCALIZABILITY_NONLOCALIZED = YES;
				CLANG_ANALYZER_NONNULL = YES;
				CLANG_ANALYZER_NUMBER_OBJECT_CONVERSION = YES_AGGRESSIVE;
				CLANG_CXX_LANGUAGE_STANDARD = "gnu++14";
				CLANG_CXX_LIBRARY = "libc++";
				CLANG_ENABLE_MODULES = YES;
				CLANG_ENABLE_OBJC_ARC = YES;
				CLANG_ENABLE_OBJC_WEAK = YES;
				CLANG_WARN_BLOCK_CAPTURE_AUTORELEASING = YES;
				CLANG_WARN_BOOL_CONVERSION = YES;
				CLANG_WARN_COMMA = YES;
				CLANG_WARN_CONSTANT_CONVERSION = YES;
				CLANG_WARN_DEPRECATED_OBJC_IMPLEMENTATIONS = YES;
				CLANG_WARN_DIRECT_OBJC_ISA_USAGE = YES_ERROR;
				CLANG_WARN_DOCUMENTATION_COMMENTS = YES;
				CLANG_WARN_EMPTY_BODY = YES;
				CLANG_WARN_ENUM_CONVERSION = YES;
				CLANG_WARN_INFINITE_RECURSION = YES;
				CLANG_WARN_INT_CONVERSION = YES;
				CLANG_WARN_NON_LITERAL_NULL_CONVERSION = YES;
				CLANG_WARN_OBJC_IMPLICIT_RETAIN_SELF = YES;
				CLANG_WARN_OBJC_LITERAL_CONVERSION = YES;
				CLANG_WARN_OBJC_ROOT_CLASS = YES_ERROR;
				CLANG_WARN_RANGE_LOOP_ANALYSIS = YES;
				CLANG_WARN_STRICT_PROTOTYPES = YES;
				CLANG_WARN_SUSPICIOUS_MOVE = YES;
				CLANG_WARN_UNGUARDED_AVAILABILITY = YES_AGGRESSIVE;
				CLANG_WARN_UNREACHABLE_CODE = YES;
				CLANG_WARN__DUPLICATE_METHOD_MATCH = YES;
				COPY_PHASE_STRIP = NO;
				DEBUG_INFORMATION_FORMAT = dwarf;
				ENABLE_STRICT_OBJC_MSGSEND = YES;
				ENABLE_TESTABILITY = YES;
				GCC_C_LANGUAGE_STANDARD = gnu11;
				GCC_DYNAMIC_NO_PIC = NO;
				GCC_NO_COMMON_BLOCKS = YES;
				GCC_OPTIMIZATION_LEVEL = 0;
				GCC_PREPROCESSOR_DEFINITIONS = (
					"DEBUG=1",
					"$(inherited)",
				);
				GCC_WARN_64_TO_32_BIT_CONVERSION = YES;
				GCC_WARN_ABOUT_RETURN_TYPE = YES_ERROR;
				GCC_WARN_UNDECLARED_SELECTOR = YES;
				GCC_WARN_UNINITIALIZED_AUTOS = YES_AGGRESSIVE;
				GCC_WARN_UNUSED_FUNCTION = YES;
				GCC_WARN_UNUSED_VARIABLE = YES;
				IPHONEOS_DEPLOYMENT_TARGET = 13.4;
				MTL_ENABLE_DEBUG_INFO = INCLUDE_SOURCE;
				MTL_FAST_MATH = YES;
				ONLY_ACTIVE_ARCH = YES;
				SDKROOT = iphoneos;
				SWIFT_ACTIVE_COMPILATION_CONDITIONS = DEBUG;
				SWIFT_OPTIMIZATION_LEVEL = "-Onone";
			};
			name = Debug;
		};
		6890BDFB24911B9600C71A19 /* Release */ = {
			isa = XCBuildConfiguration;
			buildSettings = {
				ALWAYS_SEARCH_USER_PATHS = NO;
				CLANG_ANALYZER_LOCALIZABILITY_NONLOCALIZED = YES;
				CLANG_ANALYZER_NONNULL = YES;
				CLANG_ANALYZER_NUMBER_OBJECT_CONVERSION = YES_AGGRESSIVE;
				CLANG_CXX_LANGUAGE_STANDARD = "gnu++14";
				CLANG_CXX_LIBRARY = "libc++";
				CLANG_ENABLE_MODULES = YES;
				CLANG_ENABLE_OBJC_ARC = YES;
				CLANG_ENABLE_OBJC_WEAK = YES;
				CLANG_WARN_BLOCK_CAPTURE_AUTORELEASING = YES;
				CLANG_WARN_BOOL_CONVERSION = YES;
				CLANG_WARN_COMMA = YES;
				CLANG_WARN_CONSTANT_CONVERSION = YES;
				CLANG_WARN_DEPRECATED_OBJC_IMPLEMENTATIONS = YES;
				CLANG_WARN_DIRECT_OBJC_ISA_USAGE = YES_ERROR;
				CLANG_WARN_DOCUMENTATION_COMMENTS = YES;
				CLANG_WARN_EMPTY_BODY = YES;
				CLANG_WARN_ENUM_CONVERSION = YES;
				CLANG_WARN_INFINITE_RECURSION = YES;
				CLANG_WARN_INT_CONVERSION = YES;
				CLANG_WARN_NON_LITERAL_NULL_CONVERSION = YES;
				CLANG_WARN_OBJC_IMPLICIT_RETAIN_SELF = YES;
				CLANG_WARN_OBJC_LITERAL_CONVERSION = YES;
				CLANG_WARN_OBJC_ROOT_CLASS = YES_ERROR;
				CLANG_WARN_RANGE_LOOP_ANALYSIS = YES;
				CLANG_WARN_STRICT_PROTOTYPES = YES;
				CLANG_WARN_SUSPICIOUS_MOVE = YES;
				CLANG_WARN_UNGUARDED_AVAILABILITY = YES_AGGRESSIVE;
				CLANG_WARN_UNREACHABLE_CODE = YES;
				CLANG_WARN__DUPLICATE_METHOD_MATCH = YES;
				COPY_PHASE_STRIP = NO;
				DEBUG_INFORMATION_FORMAT = "dwarf-with-dsym";
				ENABLE_NS_ASSERTIONS = NO;
				ENABLE_STRICT_OBJC_MSGSEND = YES;
				GCC_C_LANGUAGE_STANDARD = gnu11;
				GCC_NO_COMMON_BLOCKS = YES;
				GCC_WARN_64_TO_32_BIT_CONVERSION = YES;
				GCC_WARN_ABOUT_RETURN_TYPE = YES_ERROR;
				GCC_WARN_UNDECLARED_SELECTOR = YES;
				GCC_WARN_UNINITIALIZED_AUTOS = YES_AGGRESSIVE;
				GCC_WARN_UNUSED_FUNCTION = YES;
				GCC_WARN_UNUSED_VARIABLE = YES;
				IPHONEOS_DEPLOYMENT_TARGET = 13.4;
				MTL_ENABLE_DEBUG_INFO = NO;
				MTL_FAST_MATH = YES;
				SDKROOT = iphoneos;
				SWIFT_COMPILATION_MODE = wholemodule;
				SWIFT_OPTIMIZATION_LEVEL = "-O";
				VALIDATE_PRODUCT = YES;
			};
			name = Release;
		};
		6890BDFD24911B9600C71A19 /* Debug */ = {
			isa = XCBuildConfiguration;
			baseConfigurationReference = 83855C512386F04063866D73 /* Pods-Surveyer.debug.xcconfig */;
			buildSettings = {
				ASSETCATALOG_COMPILER_APPICON_NAME = AppIcon;
				CODE_SIGN_STYLE = Automatic;
				DEVELOPMENT_TEAM = 93QF44Z6JU;
				INFOPLIST_FILE = Surveyer/Info.plist;
				IPHONEOS_DEPLOYMENT_TARGET = 11.0;
				LD_RUNPATH_SEARCH_PATHS = (
					"$(inherited)",
					"@executable_path/Frameworks",
				);
				PRODUCT_BUNDLE_IDENTIFIER = com.blyscuit.Surveyer;
				PRODUCT_NAME = "$(TARGET_NAME)";
				SWIFT_VERSION = 5.0;
				TARGETED_DEVICE_FAMILY = "1,2";
			};
			name = Debug;
		};
		6890BDFE24911B9600C71A19 /* Release */ = {
			isa = XCBuildConfiguration;
			baseConfigurationReference = 6C2D5685EE6EA7A9C60999F5 /* Pods-Surveyer.release.xcconfig */;
			buildSettings = {
				ASSETCATALOG_COMPILER_APPICON_NAME = AppIcon;
				CODE_SIGN_STYLE = Automatic;
				DEVELOPMENT_TEAM = 93QF44Z6JU;
				INFOPLIST_FILE = Surveyer/Info.plist;
				IPHONEOS_DEPLOYMENT_TARGET = 11.0;
				LD_RUNPATH_SEARCH_PATHS = (
					"$(inherited)",
					"@executable_path/Frameworks",
				);
				PRODUCT_BUNDLE_IDENTIFIER = com.blyscuit.Surveyer;
				PRODUCT_NAME = "$(TARGET_NAME)";
				SWIFT_VERSION = 5.0;
				TARGETED_DEVICE_FAMILY = "1,2";
			};
			name = Release;
		};
		6890BE0024911B9600C71A19 /* Debug */ = {
			isa = XCBuildConfiguration;
			baseConfigurationReference = 2F9A05B99C7669489F221641 /* Pods-SurveyerTests.debug.xcconfig */;
			buildSettings = {
				ALWAYS_EMBED_SWIFT_STANDARD_LIBRARIES = YES;
				BUNDLE_LOADER = "$(TEST_HOST)";
				CODE_SIGN_STYLE = Automatic;
				DEVELOPMENT_TEAM = 93QF44Z6JU;
				INFOPLIST_FILE = SurveyerTests/Info.plist;
				IPHONEOS_DEPLOYMENT_TARGET = 13.4;
				LD_RUNPATH_SEARCH_PATHS = (
					"$(inherited)",
					"@executable_path/Frameworks",
					"@loader_path/Frameworks",
				);
				PRODUCT_BUNDLE_IDENTIFIER = com.blyscuit.SurveyerTests;
				PRODUCT_NAME = "$(TARGET_NAME)";
				SWIFT_VERSION = 5.0;
				TARGETED_DEVICE_FAMILY = "1,2";
				TEST_HOST = "$(BUILT_PRODUCTS_DIR)/Surveyer.app/Surveyer";
			};
			name = Debug;
		};
		6890BE0124911B9600C71A19 /* Release */ = {
			isa = XCBuildConfiguration;
			baseConfigurationReference = F23CF7F2DAAA529C3306EE3C /* Pods-SurveyerTests.release.xcconfig */;
			buildSettings = {
				ALWAYS_EMBED_SWIFT_STANDARD_LIBRARIES = YES;
				BUNDLE_LOADER = "$(TEST_HOST)";
				CODE_SIGN_STYLE = Automatic;
				DEVELOPMENT_TEAM = 93QF44Z6JU;
				INFOPLIST_FILE = SurveyerTests/Info.plist;
				IPHONEOS_DEPLOYMENT_TARGET = 13.4;
				LD_RUNPATH_SEARCH_PATHS = (
					"$(inherited)",
					"@executable_path/Frameworks",
					"@loader_path/Frameworks",
				);
				PRODUCT_BUNDLE_IDENTIFIER = com.blyscuit.SurveyerTests;
				PRODUCT_NAME = "$(TARGET_NAME)";
				SWIFT_VERSION = 5.0;
				TARGETED_DEVICE_FAMILY = "1,2";
				TEST_HOST = "$(BUILT_PRODUCTS_DIR)/Surveyer.app/Surveyer";
			};
			name = Release;
		};
		6890BE0324911B9600C71A19 /* Debug */ = {
			isa = XCBuildConfiguration;
			baseConfigurationReference = EE8296F4C99B8A4B7D94C3C7 /* Pods-Surveyer-SurveyerUITests.debug.xcconfig */;
			buildSettings = {
				ALWAYS_EMBED_SWIFT_STANDARD_LIBRARIES = YES;
				CODE_SIGN_STYLE = Automatic;
				DEVELOPMENT_TEAM = 93QF44Z6JU;
				INFOPLIST_FILE = SurveyerUITests/Info.plist;
				LD_RUNPATH_SEARCH_PATHS = (
					"$(inherited)",
					"@executable_path/Frameworks",
					"@loader_path/Frameworks",
				);
				PRODUCT_BUNDLE_IDENTIFIER = com.blyscuit.SurveyerUITests;
				PRODUCT_NAME = "$(TARGET_NAME)";
				SWIFT_VERSION = 5.0;
				TARGETED_DEVICE_FAMILY = "1,2";
				TEST_TARGET_NAME = Surveyer;
			};
			name = Debug;
		};
		6890BE0424911B9600C71A19 /* Release */ = {
			isa = XCBuildConfiguration;
			baseConfigurationReference = B894FC06E5E0ADA64FACA091 /* Pods-Surveyer-SurveyerUITests.release.xcconfig */;
			buildSettings = {
				ALWAYS_EMBED_SWIFT_STANDARD_LIBRARIES = YES;
				CODE_SIGN_STYLE = Automatic;
				DEVELOPMENT_TEAM = 93QF44Z6JU;
				INFOPLIST_FILE = SurveyerUITests/Info.plist;
				LD_RUNPATH_SEARCH_PATHS = (
					"$(inherited)",
					"@executable_path/Frameworks",
					"@loader_path/Frameworks",
				);
				PRODUCT_BUNDLE_IDENTIFIER = com.blyscuit.SurveyerUITests;
				PRODUCT_NAME = "$(TARGET_NAME)";
				SWIFT_VERSION = 5.0;
				TARGETED_DEVICE_FAMILY = "1,2";
				TEST_TARGET_NAME = Surveyer;
			};
			name = Release;
		};
/* End XCBuildConfiguration section */

/* Begin XCConfigurationList section */
		6890BDCD24911B9300C71A19 /* Build configuration list for PBXProject "Surveyer" */ = {
			isa = XCConfigurationList;
			buildConfigurations = (
				6890BDFA24911B9600C71A19 /* Debug */,
				6890BDFB24911B9600C71A19 /* Release */,
			);
			defaultConfigurationIsVisible = 0;
			defaultConfigurationName = Release;
		};
		6890BDFC24911B9600C71A19 /* Build configuration list for PBXNativeTarget "Surveyer" */ = {
			isa = XCConfigurationList;
			buildConfigurations = (
				6890BDFD24911B9600C71A19 /* Debug */,
				6890BDFE24911B9600C71A19 /* Release */,
			);
			defaultConfigurationIsVisible = 0;
			defaultConfigurationName = Release;
		};
		6890BDFF24911B9600C71A19 /* Build configuration list for PBXNativeTarget "SurveyerTests" */ = {
			isa = XCConfigurationList;
			buildConfigurations = (
				6890BE0024911B9600C71A19 /* Debug */,
				6890BE0124911B9600C71A19 /* Release */,
			);
			defaultConfigurationIsVisible = 0;
			defaultConfigurationName = Release;
		};
		6890BE0224911B9600C71A19 /* Build configuration list for PBXNativeTarget "SurveyerUITests" */ = {
			isa = XCConfigurationList;
			buildConfigurations = (
				6890BE0324911B9600C71A19 /* Debug */,
				6890BE0424911B9600C71A19 /* Release */,
			);
			defaultConfigurationIsVisible = 0;
			defaultConfigurationName = Release;
		};
/* End XCConfigurationList section */
	};
	rootObject = 6890BDCA24911B9300C71A19 /* Project object */;
}
